{
  "requires": true,
  "lockfileVersion": 1,
  "dependencies": {
    "emailjs": {
      "version": "4.0.0",
      "resolved": "https://registry.npmjs.org/emailjs/-/emailjs-4.0.0.tgz",
      "integrity": "sha512-t6LqDjGZnIkM+1ghsgazsaZbXnK7Yt+0Qjx6aCK3EGosenTC3w3aoO5wkWuDiBmdl2z9H/zCnTbKJPjTJripkg=="
    },
    "leaflet.markercluster": {
      "version": "1.5.3",
      "resolved": "https://registry.npmjs.org/leaflet.markercluster/-/leaflet.markercluster-1.5.3.tgz",
      "integrity": "sha512-vPTw/Bndq7eQHjLBVlWpnGeLa3t+3zGiuM7fJwCkiMFq+nmRuG3RI3f7f4N4TDX7T4NpbAXpR2+NTRSEGfCSeA=="
    }
  }
}
