{
  "requires": true,
  "lockfileVersion": 1,
  "dependencies": {
    "fuzzyset.js": {
      "version": "1.0.7",
      "resolved": "https://registry.npmjs.org/fuzzyset.js/-/fuzzyset.js-1.0.7.tgz",
      "integrity": "sha512-SmfOVSiPjbyC17m1i86wFq+jmkGioqlY/amT6RZzq4hPTGJFWFF2voUe88zrq/zDbehFnSJFtu6kqTUCw1caKQ=="
    }
  }
}
